// !$*UTF8*$!
{
	archiveVersion = 1;
	classes = {
	};
	objectVersion = 56;
	objects = {

/* Begin PBXBuildFile section */
		5255985C2C3CC7FC00C5789C /* AppDelegate.swift in Sources */ = {isa = PBXBuildFile; fileRef = 5255985B2C3CC7FC00C5789C /* AppDelegate.swift */; };
		5255985E2C3CC7FC00C5789C /* SceneDelegate.swift in Sources */ = {isa = PBXBuildFile; fileRef = 5255985D2C3CC7FC00C5789C /* SceneDelegate.swift */; };
		525598632C3CC7FC00C5789C /* Main.storyboard in Resources */ = {isa = PBXBuildFile; fileRef = 525598612C3CC7FC00C5789C /* Main.storyboard */; };
		525598652C3CC7FE00C5789C /* Assets.xcassets in Resources */ = {isa = PBXBuildFile; fileRef = 525598642C3CC7FE00C5789C /* Assets.xcassets */; };
		525598722C3CEDED00C5789C /* CreateTaskScreenController.swift in Sources */ = {isa = PBXBuildFile; fileRef = 525598712C3CEDED00C5789C /* CreateTaskScreenController.swift */; };
		525598782C3CFA1500C5789C /* SettingsViewController.swift in Sources */ = {isa = PBXBuildFile; fileRef = 525598772C3CFA1500C5789C /* SettingsViewController.swift */; };
		5255987A2C3CFA3600C5789C /* HomeViewController.swift in Sources */ = {isa = PBXBuildFile; fileRef = 525598792C3CFA3600C5789C /* HomeViewController.swift */; };
		525598822C3D03E600C5789C /* TaskData.swift in Sources */ = {isa = PBXBuildFile; fileRef = 525598812C3D03E600C5789C /* TaskData.swift */; };
		525598842C3D03FF00C5789C /* StatusData.swift in Sources */ = {isa = PBXBuildFile; fileRef = 525598832C3D03FF00C5789C /* StatusData.swift */; };
		525598872C3D123C00C5789C /* TaskTableViewCell.swift in Sources */ = {isa = PBXBuildFile; fileRef = 525598852C3D123C00C5789C /* TaskTableViewCell.swift */; };
		525598882C3D123C00C5789C /* TaskTableViewCell.xib in Resources */ = {isa = PBXBuildFile; fileRef = 525598862C3D123C00C5789C /* TaskTableViewCell.xib */; };
		528665C82C3D26D300C657EE /* MainViewModel.swift in Sources */ = {isa = PBXBuildFile; fileRef = 528665C72C3D26D300C657EE /* MainViewModel.swift */; };
		528665CE2C3DA6F400C657EE /* InfoViewController.swift in Sources */ = {isa = PBXBuildFile; fileRef = 528665CD2C3DA6F400C657EE /* InfoViewController.swift */; };
/* End PBXBuildFile section */

/* Begin PBXFileReference section */
		525598582C3CC7FC00C5789C /* TodoAppUiKit.app */ = {isa = PBXFileReference; explicitFileType = wrapper.application; includeInIndex = 0; path = TodoAppUiKit.app; sourceTree = BUILT_PRODUCTS_DIR; };
		5255985B2C3CC7FC00C5789C /* AppDelegate.swift */ = {isa = PBXFileReference; lastKnownFileType = sourcecode.swift; path = AppDelegate.swift; sourceTree = "<group>"; };
		5255985D2C3CC7FC00C5789C /* SceneDelegate.swift */ = {isa = PBXFileReference; lastKnownFileType = sourcecode.swift; path = SceneDelegate.swift; sourceTree = "<group>"; };
		525598622C3CC7FC00C5789C /* Base */ = {isa = PBXFileReference; lastKnownFileType = file.storyboard; name = Base; path = Base.lproj/Main.storyboard; sourceTree = "<group>"; };
		525598642C3CC7FE00C5789C /* Assets.xcassets */ = {isa = PBXFileReference; lastKnownFileType = folder.assetcatalog; path = Assets.xcassets; sourceTree = "<group>"; };
		525598692C3CC7FE00C5789C /* Info.plist */ = {isa = PBXFileReference; lastKnownFileType = text.plist.xml; path = Info.plist; sourceTree = "<group>"; };
		525598712C3CEDED00C5789C /* CreateTaskScreenController.swift */ = {isa = PBXFileReference; lastKnownFileType = sourcecode.swift; path = CreateTaskScreenController.swift; sourceTree = "<group>"; };
		525598772C3CFA1500C5789C /* SettingsViewController.swift */ = {isa = PBXFileReference; lastKnownFileType = sourcecode.swift; path = SettingsViewController.swift; sourceTree = "<group>"; };
		525598792C3CFA3600C5789C /* HomeViewController.swift */ = {isa = PBXFileReference; lastKnownFileType = sourcecode.swift; path = HomeViewController.swift; sourceTree = "<group>"; };
		525598812C3D03E600C5789C /* TaskData.swift */ = {isa = PBXFileReference; lastKnownFileType = sourcecode.swift; path = TaskData.swift; sourceTree = "<group>"; };
		525598832C3D03FF00C5789C /* StatusData.swift */ = {isa = PBXFileReference; lastKnownFileType = sourcecode.swift; path = StatusData.swift; sourceTree = "<group>"; };
		525598852C3D123C00C5789C /* TaskTableViewCell.swift */ = {isa = PBXFileReference; lastKnownFileType = sourcecode.swift; path = TaskTableViewCell.swift; sourceTree = "<group>"; };
		525598862C3D123C00C5789C /* TaskTableViewCell.xib */ = {isa = PBXFileReference; lastKnownFileType = file.xib; path = TaskTableViewCell.xib; sourceTree = "<group>"; };
		528665C72C3D26D300C657EE /* MainViewModel.swift */ = {isa = PBXFileReference; lastKnownFileType = sourcecode.swift; path = MainViewModel.swift; sourceTree = "<group>"; };
		528665CD2C3DA6F400C657EE /* InfoViewController.swift */ = {isa = PBXFileReference; lastKnownFileType = sourcecode.swift; path = InfoViewController.swift; sourceTree = "<group>"; };
/* End PBXFileReference section */

/* Begin PBXFrameworksBuildPhase section */
		525598552C3CC7FC00C5789C /* Frameworks */ = {
			isa = PBXFrameworksBuildPhase;
			buildActionMask = 2147483647;
			files = (
			);
			runOnlyForDeploymentPostprocessing = 0;
		};
/* End PBXFrameworksBuildPhase section */

/* Begin PBXGroup section */
		5255984F2C3CC7FC00C5789C = {
			isa = PBXGroup;
			children = (
				5255985A2C3CC7FC00C5789C /* TodoAppUiKit */,
				525598592C3CC7FC00C5789C /* Products */,
			);
			sourceTree = "<group>";
		};
		525598592C3CC7FC00C5789C /* Products */ = {
			isa = PBXGroup;
			children = (
				525598582C3CC7FC00C5789C /* TodoAppUiKit.app */,
			);
			name = Products;
			sourceTree = "<group>";
		};
		5255985A2C3CC7FC00C5789C /* TodoAppUiKit */ = {
			isa = PBXGroup;
			children = (
				528665C62C3D269B00C657EE /* viewModel */,
				525598802C3D018900C5789C /* cells */,
				5255987F2C3D017700C5789C /* app */,
				5255987B2C3CFC9D00C5789C /* data */,
				525598712C3CEDED00C5789C /* CreateTaskScreenController.swift */,
				525598792C3CFA3600C5789C /* HomeViewController.swift */,
				525598772C3CFA1500C5789C /* SettingsViewController.swift */,
				528665CD2C3DA6F400C657EE /* InfoViewController.swift */,
				525598612C3CC7FC00C5789C /* Main.storyboard */,
				5255987C2C3CFCB500C5789C /* utils */,
				525598642C3CC7FE00C5789C /* Assets.xcassets */,
				525598692C3CC7FE00C5789C /* Info.plist */,
			);
			path = TodoAppUiKit;
			sourceTree = "<group>";
		};
		5255987B2C3CFC9D00C5789C /* data */ = {
			isa = PBXGroup;
			children = (
				525598812C3D03E600C5789C /* TaskData.swift */,
				525598832C3D03FF00C5789C /* StatusData.swift */,
			);
			path = data;
			sourceTree = "<group>";
		};
		5255987C2C3CFCB500C5789C /* utils */ = {
			isa = PBXGroup;
			children = (
			);
			path = utils;
			sourceTree = "<group>";
		};
		5255987F2C3D017700C5789C /* app */ = {
			isa = PBXGroup;
			children = (
				5255985D2C3CC7FC00C5789C /* SceneDelegate.swift */,
				5255985B2C3CC7FC00C5789C /* AppDelegate.swift */,
			);
			path = app;
			sourceTree = "<group>";
		};
		525598802C3D018900C5789C /* cells */ = {
			isa = PBXGroup;
			children = (
				525598852C3D123C00C5789C /* TaskTableViewCell.swift */,
				525598862C3D123C00C5789C /* TaskTableViewCell.xib */,
			);
			path = cells;
			sourceTree = "<group>";
		};
		528665C62C3D269B00C657EE /* viewModel */ = {
			isa = PBXGroup;
			children = (
				528665C72C3D26D300C657EE /* MainViewModel.swift */,
			);
			path = viewModel;
			sourceTree = "<group>";
		};
/* End PBXGroup section */

/* Begin PBXNativeTarget section */
		525598572C3CC7FC00C5789C /* TodoAppUiKit */ = {
			isa = PBXNativeTarget;
			buildConfigurationList = 5255986C2C3CC7FE00C5789C /* Build configuration list for PBXNativeTarget "TodoAppUiKit" */;
			buildPhases = (
				525598542C3CC7FC00C5789C /* Sources */,
				525598552C3CC7FC00C5789C /* Frameworks */,
				525598562C3CC7FC00C5789C /* Resources */,
			);
			buildRules = (
			);
			dependencies = (
			);
			name = TodoAppUiKit;
			productName = TodoAppUiKit;
			productReference = 525598582C3CC7FC00C5789C /* TodoAppUiKit.app */;
			productType = "com.apple.product-type.application";
		};
/* End PBXNativeTarget section */

/* Begin PBXProject section */
		525598502C3CC7FC00C5789C /* Project object */ = {
			isa = PBXProject;
			attributes = {
				BuildIndependentTargetsInParallel = 1;
				LastSwiftUpdateCheck = 1510;
				LastUpgradeCheck = 1510;
				TargetAttributes = {
					525598572C3CC7FC00C5789C = {
						CreatedOnToolsVersion = 15.1;
					};
				};
			};
			buildConfigurationList = 525598532C3CC7FC00C5789C /* Build configuration list for PBXProject "TodoAppUiKit" */;
			compatibilityVersion = "Xcode 14.0";
			developmentRegion = en;
			hasScannedForEncodings = 0;
			knownRegions = (
				en,
				Base,
			);
			mainGroup = 5255984F2C3CC7FC00C5789C;
			productRefGroup = 525598592C3CC7FC00C5789C /* Products */;
			projectDirPath = "";
			projectRoot = "";
			targets = (
				525598572C3CC7FC00C5789C /* TodoAppUiKit */,
			);
		};
/* End PBXProject section */

/* Begin PBXResourcesBuildPhase section */
		525598562C3CC7FC00C5789C /* Resources */ = {
			isa = PBXResourcesBuildPhase;
			buildActionMask = 2147483647;
			files = (
				525598882C3D123C00C5789C /* TaskTableViewCell.xib in Resources */,
				525598652C3CC7FE00C5789C /* Assets.xcassets in Resources */,
				525598632C3CC7FC00C5789C /* Main.storyboard in Resources */,
			);
			runOnlyForDeploymentPostprocessing = 0;
		};
/* End PBXResourcesBuildPhase section */

/* Begin PBXSourcesBuildPhase section */
		525598542C3CC7FC00C5789C /* Sources */ = {
			isa = PBXSourcesBuildPhase;
			buildActionMask = 2147483647;
			files = (
				525598782C3CFA1500C5789C /* SettingsViewController.swift in Sources */,
				525598722C3CEDED00C5789C /* CreateTaskScreenController.swift in Sources */,
				525598872C3D123C00C5789C /* TaskTableViewCell.swift in Sources */,
				525598822C3D03E600C5789C /* TaskData.swift in Sources */,
				5255985C2C3CC7FC00C5789C /* AppDelegate.swift in Sources */,
				525598842C3D03FF00C5789C /* StatusData.swift in Sources */,
				5255987A2C3CFA3600C5789C /* HomeViewController.swift in Sources */,
				528665CE2C3DA6F400C657EE /* InfoViewController.swift in Sources */,
				5255985E2C3CC7FC00C5789C /* SceneDelegate.swift in Sources */,
				528665C82C3D26D300C657EE /* MainViewModel.swift in Sources */,
			);
			runOnlyForDeploymentPostprocessing = 0;
		};
/* End PBXSourcesBuildPhase section */

/* Begin PBXVariantGroup section */
		525598612C3CC7FC00C5789C /* Main.storyboard */ = {
			isa = PBXVariantGroup;
			children = (
				525598622C3CC7FC00C5789C /* Base */,
			);
			name = Main.storyboard;
			sourceTree = "<group>";
		};
/* End PBXVariantGroup section */

/* Begin XCBuildConfiguration section */
		5255986A2C3CC7FE00C5789C /* Debug */ = {
			isa = XCBuildConfiguration;
			buildSettings = {
				ALWAYS_SEARCH_USER_PATHS = NO;
				ASSETCATALOG_COMPILER_GENERATE_SWIFT_ASSET_SYMBOL_EXTENSIONS = YES;
				CLANG_ANALYZER_NONNULL = YES;
				CLANG_ANALYZER_NUMBER_OBJECT_CONVERSION = YES_AGGRESSIVE;
				CLANG_CXX_LANGUAGE_STANDARD = "gnu++20";
				CLANG_ENABLE_MODULES = YES;
				CLANG_ENABLE_OBJC_ARC = YES;
				CLANG_ENABLE_OBJC_WEAK = YES;
				CLANG_WARN_BLOCK_CAPTURE_AUTORELEASING = YES;
				CLANG_WARN_BOOL_CONVERSION = YES;
				CLANG_WARN_COMMA = YES;
				CLANG_WARN_CONSTANT_CONVERSION = YES;
				CLANG_WARN_DEPRECATED_OBJC_IMPLEMENTATIONS = YES;
				CLANG_WARN_DIRECT_OBJC_ISA_USAGE = YES_ERROR;
				CLANG_WARN_DOCUMENTATION_COMMENTS = YES;
				CLANG_WARN_EMPTY_BODY = YES;
				CLANG_WARN_ENUM_CONVERSION = YES;
				CLANG_WARN_INFINITE_RECURSION = YES;
				CLANG_WARN_INT_CONVERSION = YES;
				CLANG_WARN_NON_LITERAL_NULL_CONVERSION = YES;
				CLANG_WARN_OBJC_IMPLICIT_RETAIN_SELF = YES;
				CLANG_WARN_OBJC_LITERAL_CONVERSION = YES;
				CLANG_WARN_OBJC_ROOT_CLASS = YES_ERROR;
				CLANG_WARN_QUOTED_INCLUDE_IN_FRAMEWORK_HEADER = YES;
				CLANG_WARN_RANGE_LOOP_ANALYSIS = YES;
				CLANG_WARN_STRICT_PROTOTYPES = YES;
				CLANG_WARN_SUSPICIOUS_MOVE = YES;
				CLANG_WARN_UNGUARDED_AVAILABILITY = YES_AGGRESSIVE;
				CLANG_WARN_UNREACHABLE_CODE = YES;
				CLANG_WARN__DUPLICATE_METHOD_MATCH = YES;
				COPY_PHASE_STRIP = NO;
				DEBUG_INFORMATION_FORMAT = dwarf;
				ENABLE_STRICT_OBJC_MSGSEND = YES;
				ENABLE_TESTABILITY = YES;
				ENABLE_USER_SCRIPT_SANDBOXING = YES;
				GCC_C_LANGUAGE_STANDARD = gnu17;
				GCC_DYNAMIC_NO_PIC = NO;
				GCC_NO_COMMON_BLOCKS = YES;
				GCC_OPTIMIZATION_LEVEL = 0;
				GCC_PREPROCESSOR_DEFINITIONS = (
					"DEBUG=1",
					"$(inherited)",
				);
				GCC_WARN_64_TO_32_BIT_CONVERSION = YES;
				GCC_WARN_ABOUT_RETURN_TYPE = YES_ERROR;
				GCC_WARN_UNDECLARED_SELECTOR = YES;
				GCC_WARN_UNINITIALIZED_AUTOS = YES_AGGRESSIVE;
				GCC_WARN_UNUSED_FUNCTION = YES;
				GCC_WARN_UNUSED_VARIABLE = YES;
				IPHONEOS_DEPLOYMENT_TARGET = 17.2;
				LOCALIZATION_PREFERS_STRING_CATALOGS = YES;
				MTL_ENABLE_DEBUG_INFO = INCLUDE_SOURCE;
				MTL_FAST_MATH = YES;
				ONLY_ACTIVE_ARCH = YES;
				SDKROOT = iphoneos;
				SWIFT_ACTIVE_COMPILATION_CONDITIONS = "DEBUG $(inherited)";
				SWIFT_OPTIMIZATION_LEVEL = "-Onone";
			};
			name = Debug;
		};
		5255986B2C3CC7FE00C5789C /* Release */ = {
			isa = XCBuildConfiguration;
			buildSettings = {
				ALWAYS_SEARCH_USER_PATHS = NO;
				ASSETCATALOG_COMPILER_GENERATE_SWIFT_ASSET_SYMBOL_EXTENSIONS = YES;
				CLANG_ANALYZER_NONNULL = YES;
				CLANG_ANALYZER_NUMBER_OBJECT_CONVERSION = YES_AGGRESSIVE;
				CLANG_CXX_LANGUAGE_STANDARD = "gnu++20";
				CLANG_ENABLE_MODULES = YES;
				CLANG_ENABLE_OBJC_ARC = YES;
				CLANG_ENABLE_OBJC_WEAK = YES;
				CLANG_WARN_BLOCK_CAPTURE_AUTORELEASING = YES;
				CLANG_WARN_BOOL_CONVERSION = YES;
				CLANG_WARN_COMMA = YES;
				CLANG_WARN_CONSTANT_CONVERSION = YES;
				CLANG_WARN_DEPRECATED_OBJC_IMPLEMENTATIONS = YES;
				CLANG_WARN_DIRECT_OBJC_ISA_USAGE = YES_ERROR;
				CLANG_WARN_DOCUMENTATION_COMMENTS = YES;
				CLANG_WARN_EMPTY_BODY = YES;
				CLANG_WARN_ENUM_CONVERSION = YES;
				CLANG_WARN_INFINITE_RECURSION = YES;
				CLANG_WARN_INT_CONVERSION = YES;
				CLANG_WARN_NON_LITERAL_NULL_CONVERSION = YES;
				CLANG_WARN_OBJC_IMPLICIT_RETAIN_SELF = YES;
				CLANG_WARN_OBJC_LITERAL_CONVERSION = YES;
				CLANG_WARN_OBJC_ROOT_CLASS = YES_ERROR;
				CLANG_WARN_QUOTED_INCLUDE_IN_FRAMEWORK_HEADER = YES;
				CLANG_WARN_RANGE_LOOP_ANALYSIS = YES;
				CLANG_WARN_STRICT_PROTOTYPES = YES;
				CLANG_WARN_SUSPICIOUS_MOVE = YES;
				CLANG_WARN_UNGUARDED_AVAILABILITY = YES_AGGRESSIVE;
				CLANG_WARN_UNREACHABLE_CODE = YES;
				CLANG_WARN__DUPLICATE_METHOD_MATCH = YES;
				COPY_PHASE_STRIP = NO;
				DEBUG_INFORMATION_FORMAT = "dwarf-with-dsym";
				ENABLE_NS_ASSERTIONS = NO;
				ENABLE_STRICT_OBJC_MSGSEND = YES;
				ENABLE_USER_SCRIPT_SANDBOXING = YES;
				GCC_C_LANGUAGE_STANDARD = gnu17;
				GCC_NO_COMMON_BLOCKS = YES;
				GCC_WARN_64_TO_32_BIT_CONVERSION = YES;
				GCC_WARN_ABOUT_RETURN_TYPE = YES_ERROR;
				GCC_WARN_UNDECLARED_SELECTOR = YES;
				GCC_WARN_UNINITIALIZED_AUTOS = YES_AGGRESSIVE;
				GCC_WARN_UNUSED_FUNCTION = YES;
				GCC_WARN_UNUSED_VARIABLE = YES;
				IPHONEOS_DEPLOYMENT_TARGET = 17.2;
				LOCALIZATION_PREFERS_STRING_CATALOGS = YES;
				MTL_ENABLE_DEBUG_INFO = NO;
				MTL_FAST_MATH = YES;
				SDKROOT = iphoneos;
				SWIFT_COMPILATION_MODE = wholemodule;
				VALIDATE_PRODUCT = YES;
			};
			name = Release;
		};
		5255986D2C3CC7FE00C5789C /* Debug */ = {
			isa = XCBuildConfiguration;
			buildSettings = {
				ASSETCATALOG_COMPILER_APPICON_NAME = AppIcon;
				ASSETCATALOG_COMPILER_GLOBAL_ACCENT_COLOR_NAME = AccentColor;
				CODE_SIGN_STYLE = Automatic;
				CURRENT_PROJECT_VERSION = 1;
				DEVELOPMENT_TEAM = 4ZX3WKN4QK;
				GENERATE_INFOPLIST_FILE = YES;
				INFOPLIST_FILE = TodoAppUiKit/Info.plist;
				INFOPLIST_KEY_UIApplicationSupportsIndirectInputEvents = YES;
				INFOPLIST_KEY_UILaunchStoryboardName = LaunchScreen;
				INFOPLIST_KEY_UIMainStoryboardFile = Main;
				INFOPLIST_KEY_UISupportedInterfaceOrientations_iPad = "UIInterfaceOrientationPortrait UIInterfaceOrientationPortraitUpsideDown UIInterfaceOrientationLandscapeLeft UIInterfaceOrientationLandscapeRight";
				INFOPLIST_KEY_UISupportedInterfaceOrientations_iPhone = "UIInterfaceOrientationPortrait UIInterfaceOrientationLandscapeLeft UIInterfaceOrientationLandscapeRight";
				LD_RUNPATH_SEARCH_PATHS = (
					"$(inherited)",
					"@executable_path/Frameworks",
				);
				MARKETING_VERSION = 1.0;
				PRODUCT_BUNDLE_IDENTIFIER = uz.dev.TodoAppUiKit;
				PRODUCT_NAME = "$(TARGET_NAME)";
				SWIFT_EMIT_LOC_STRINGS = YES;
				SWIFT_VERSION = 5.0;
				TARGETED_DEVICE_FAMILY = "1,2";
			};
			name = Debug;
		};
		5255986E2C3CC7FE00C5789C /* Release */ = {
			isa = XCBuildConfiguration;
			buildSettings = {
				ASSETCATALOG_COMPILER_APPICON_NAME = AppIcon;
				ASSETCATALOG_COMPILER_GLOBAL_ACCENT_COLOR_NAME = AccentColor;
				CODE_SIGN_STYLE = Automatic;
				CURRENT_PROJECT_VERSION = 1;
				DEVELOPMENT_TEAM = 4ZX3WKN4QK;
				GENERATE_INFOPLIST_FILE = YES;
				INFOPLIST_FILE = TodoAppUiKit/Info.plist;
				INFOPLIST_KEY_UIApplicationSupportsIndirectInputEvents = YES;
				INFOPLIST_KEY_UILaunchStoryboardName = LaunchScreen;
				INFOPLIST_KEY_UIMainStoryboardFile = Main;
				INFOPLIST_KEY_UISupportedInterfaceOrientations_iPad = "UIInterfaceOrientationPortrait UIInterfaceOrientationPortraitUpsideDown UIInterfaceOrientationLandscapeLeft UIInterfaceOrientationLandscapeRight";
				INFOPLIST_KEY_UISupportedInterfaceOrientations_iPhone = "UIInterfaceOrientationPortrait UIInterfaceOrientationLandscapeLeft UIInterfaceOrientationLandscapeRight";
				LD_RUNPATH_SEARCH_PATHS = (
					"$(inherited)",
					"@executable_path/Frameworks",
				);
				MARKETING_VERSION = 1.0;
				PRODUCT_BUNDLE_IDENTIFIER = uz.dev.TodoAppUiKit;
				PRODUCT_NAME = "$(TARGET_NAME)";
				SWIFT_EMIT_LOC_STRINGS = YES;
				SWIFT_VERSION = 5.0;
				TARGETED_DEVICE_FAMILY = "1,2";
			};
			name = Release;
		};
/* End XCBuildConfiguration section */

/* Begin XCConfigurationList section */
		525598532C3CC7FC00C5789C /* Build configuration list for PBXProject "TodoAppUiKit" */ = {
			isa = XCConfigurationList;
			buildConfigurations = (
				5255986A2C3CC7FE00C5789C /* Debug */,
				5255986B2C3CC7FE00C5789C /* Release */,
			);
			defaultConfigurationIsVisible = 0;
			defaultConfigurationName = Release;
		};
		5255986C2C3CC7FE00C5789C /* Build configuration list for PBXNativeTarget "TodoAppUiKit" */ = {
			isa = XCConfigurationList;
			buildConfigurations = (
				5255986D2C3CC7FE00C5789C /* Debug */,
				5255986E2C3CC7FE00C5789C /* Release */,
			);
			defaultConfigurationIsVisible = 0;
			defaultConfigurationName = Release;
		};
/* End XCConfigurationList section */
	};
	rootObject = 525598502C3CC7FC00C5789C /* Project object */;
}
